
Microsoft Visual Studio Solution File, Format Version 12.00
# Visual Studio 15
VisualStudioVersion = 15.0.27130.2020
MinimumVisualStudioVersion = 10.0.40219.1
Project("{FAE04EC0-301F-11D3-BF4B-00C04F79EFBC}") = "WindowsDpiToggle", "WindowsDpiToggle\WindowsDpiToggle.csproj", "{DA5E5A93-0A94-4A9B-81FD-CCB9F434270B}"
EndProject
Global
	GlobalSection(SolutionConfigurationPlatforms) = preSolution
		Debug|Any CPU = Debug|Any CPU
		Release|Any CPU = Release|Any CPU
	EndGlobalSection
	GlobalSection(ProjectConfigurationPlatforms) = postSolution
		{DA5E5A93-0A94-4A9B-81FD-CCB9F434270B}.Debug|Any CPU.ActiveCfg = Debug|Any CPU
		{DA5E5A93-0A94-4A9B-81FD-CCB9F434270B}.Debug|Any CPU.Build.0 = Debug|Any CPU
		{DA5E5A93-0A94-4A9B-81FD-CCB9F434270B}.Release|Any CPU.ActiveCfg = Release|Any CPU
		{DA5E5A93-0A94-4A9B-81FD-CCB9F434270B}.Release|Any CPU.Build.0 = Release|Any CPU
	EndGlobalSection
	GlobalSection(SolutionProperties) = preSolution
		HideSolutionNode = FALSE
	EndGlobalSection
	GlobalSection(ExtensibilityGlobals) = postSolution
		SolutionGuid = {F46B6DE8-C9D4-4AFD-80C4-5282A061F0E3}
	EndGlobalSection
EndGlobal
